{
  "version": "5",
  "specifiers": {
    "jsr:@deno/loader@0.3": "0.3.14",
    "jsr:@deno/rolldown-plugin@^0.0.10": "0.0.10",
    "jsr:@std/assert@*": "1.0.19",
    "jsr:@std/fs@^1.0.24": "1.0.24",
    "jsr:@std/internal@^1.0.12": "1.0.14",
    "jsr:@std/internal@^1.0.14": "1.0.14",
    "jsr:@std/path@^1.1.1": "1.1.5",
    "jsr:@std/path@^1.1.5": "1.1.5",
    "jsr:@std/semver@^1.0.8": "1.0.8",
    "npm:rolldown@^1.1.0": "1.1.0",
    "npm:source-map-js@*": "1.2.1",
    "npm:source-map-js@^1.2.1": "1.2.1"
  },
  "jsr": {
    "@deno/loader@0.3.14": {
      "integrity": "97bc63a6cc2d27a60bcdc953f588c5213331d866d44212eebb24cebfb9b011ca"
    },
    "@deno/rolldown-plugin@0.0.10": {
      "integrity": "b19d30a916b56863a638735046d540a6f0037dc1e50d3e2597b7bca0fea4b6b3",
      "dependencies": [
        "jsr:@deno/loader",
        "jsr:@std/path@^1.1.1"
      ]
    },
    "@std/assert@1.0.19": {
      "integrity": "eaada96ee120cb980bc47e040f82814d786fe8162ecc53c91d8df60b8755991e",
      "dependencies": [
        "jsr:@std/internal@^1.0.12"
      ]
    },
    "@std/fs@1.0.24": {
      "integrity": "f3061b45b81673a2bece689da041df32d174be064c89eb6397fb5718d3fb7877",
      "dependencies": [
        "jsr:@std/internal@^1.0.14",
        "jsr:@std/path@^1.1.5"
      ]
    },
    "@std/internal@1.0.9": {
      "integrity": "bdfb97f83e4db7a13e8faab26fb1958d1b80cc64366501af78a0aee151696eb8"
    },
    "@std/internal@1.0.14": {
      "integrity": "291516b3d4c35024d6ffbc0a9df5bf4c64116e05b50012cf846710152d2ffdf7"
    },
    "@std/path@1.1.5": {
      "integrity": "ccea00982ea28c36becaf6e62f855406c76a8c32d462f66f415bbb7d83a271bc",
      "dependencies": [
        "jsr:@std/internal@^1.0.14"
      ]
    },
    "@std/semver@1.0.8": {
      "integrity": "dc830e8b8b6a380c895d53fbfd1258dc253704ca57bbe1629ac65fd7830179b7"
    }
  },
  "npm": {
    "@emnapi/core@1.10.0": {
      "integrity": "sha512-yq6OkJ4p82CAfPl0u9mQebQHKPJkY7WrIuk205cTYnYe+k2Z8YBh11FrbRG/H6ihirqcacOgl2BIO8oyMQLeXw==",
      "dependencies": [
        "@emnapi/wasi-threads",
        "tslib"
      ]
    },
    "@emnapi/runtime@1.10.0": {
      "integrity": "sha512-ewvYlk86xUoGI0zQRNq/mC+16R1QeDlKQy21Ki3oSYXNgLb45GV1P6A0M+/s6nyCuNDqe5VpaY84BzXGwVbwFA==",
      "dependencies": [
        "tslib"
      ]
    },
    "@emnapi/wasi-threads@1.2.1": {
      "integrity": "sha512-uTII7OYF+/Mes/MrcIOYp5yOtSMLBWSIoLPpcgwipoiKbli6k322tcoFsxoIIxPDqW01SQGAgko4EzZi2BNv2w==",
      "dependencies": [
        "tslib"
      ]
    },
    "@napi-rs/wasm-runtime@1.1.4_@emnapi+core@1.10.0_@emnapi+runtime@1.10.0": {
      "integrity": "sha512-3NQNNgA1YSlJb/kMH1ildASP9HW7/7kYnRI2szWJaofaS1hWmbGI4H+d3+22aGzXXN9IJ+n+GiFVcGipJP18ow==",
      "dependencies": [
        "@emnapi/core",
        "@emnapi/runtime",
        "@tybys/wasm-util"
      ]
    },
    "@oxc-project/types@0.134.0": {
      "integrity": "sha512-T0xuRRKrQFmocH8y+jGfpmSkGcheaJExY9lEihmR1Gm2aH+75B8CzgU2rABRQSzzDxLjZ15Sc0bRVLj5lVeNXQ=="
    },
    "@rolldown/binding-android-arm64@1.1.0": {
      "integrity": "sha512-gCYzGOSkYY6Z034suzd20euvds7lPzMEEla62DJGE/ZAlR4OMBnNbvnBSsIGUCAr52gaWMsloGxP4tVGtN5aCA==",
      "os": ["android"],
      "cpu": ["arm64"]
    },
    "@rolldown/binding-darwin-arm64@1.1.0": {
      "integrity": "sha512-JQBD77MNgu+4Z6RAyg69acugdrhhVoWesr3l47zohYZ2YV2fwkWMArkN/2p4l6Ei+Sno7W5q+UsKdVWq5Ens0w==",
      "os": ["darwin"],
      "cpu": ["arm64"]
    },
    "@rolldown/binding-darwin-x64@1.1.0": {
      "integrity": "sha512-p/8cXUTK4Sob604e+xxPhVSbDFf29E6J0l/xESM9rdCfn3aDai3nEs6TnMHUsdD5aNlFz0+gDbiGlozLKGa2YA==",
      "os": ["darwin"],
      "cpu": ["x64"]
    },
    "@rolldown/binding-freebsd-x64@1.1.0": {
      "integrity": "sha512-KbtOSlVv6fElujiZWMcC3aQYhEwLVVf073RcwlSmpGQvIsKZFUqc0ef4sjUuurRwfbiI6JJXji9DQn+86hawmQ==",
      "os": ["freebsd"],
      "cpu": ["x64"]
    },
    "@rolldown/binding-linux-arm-gnueabihf@1.1.0": {
      "integrity": "sha512-9fZ9i0o0/MQaw7om6Z6TsT7tfCk0jtbEFtC+aPqZL5RNsGWNcHvn6EHgL3dAprjq+AZzPTAQjg2JtpJaMt+6pg==",
      "os": ["linux"],
      "cpu": ["arm"]
    },
    "@rolldown/binding-linux-arm64-gnu@1.1.0": {
      "integrity": "sha512-+tog7T66i+yFyIuuAnjL6xmW182W/qTBOUt6BtQ6lBIM1Eikh/fSMz4HGgvuCp5uU0zuIVWng7kDYthjCMOHcg==",
      "os": ["linux"],
      "cpu": ["arm64"]
    },
    "@rolldown/binding-linux-arm64-musl@1.1.0": {
      "integrity": "sha512-4b7yruLIIj/oZ3GpcLOvxcLCLDMraohn3IhQfN2hBP4w9UekG0DTIajWguJosRGfySf/+h/NwRUiMKoCpxCrqQ==",
      "os": ["linux"],
      "cpu": ["arm64"]
    },
    "@rolldown/binding-linux-ppc64-gnu@1.1.0": {
      "integrity": "sha512-QRDOVZd0bhQ5jLsUsCC3dUxDWdTSVY9WMznowZgCGOrZfLLgctWpelhUASEiBwsXfat/JwYnVd1EaxMhqyT+UQ==",
      "os": ["linux"],
      "cpu": ["ppc64"]
    },
    "@rolldown/binding-linux-s390x-gnu@1.1.0": {
      "integrity": "sha512-ypxT+Hq76NFG7woFbNbySnGEajFuYuIXeKz/jfCU+lXUoxfi3zLE6OG/ZQNeK3RpZSYJlAe2bokpsQ046CaieQ==",
      "os": ["linux"],
      "cpu": ["s390x"]
    },
    "@rolldown/binding-linux-x64-gnu@1.1.0": {
      "integrity": "sha512-IdovCmfROFmpTLahdecTDFL74aLERVYN68F/mLZjfVh6LfoplPfI6deyHNMTcVujbokDV5k05XrFO22zfv+qjg==",
      "os": ["linux"],
      "cpu": ["x64"]
    },
    "@rolldown/binding-linux-x64-musl@1.1.0": {
      "integrity": "sha512-pcA8xlFp2tyk9T2R6Fi/rPe3bQ1MA+sSMDNUU5Ogu80GHOatkE4P8YCreGAvZErm5Ho2YRXnyvNrWiRncfVysQ==",
      "os": ["linux"],
      "cpu": ["x64"]
    },
    "@rolldown/binding-openharmony-arm64@1.1.0": {
      "integrity": "sha512-4+fexHayrLCWpriPh4c6dNvL4an34DEZCG7zOM/FD5QNF6h8DT+bDXzyB/kfC8lDJbaFb7jKShtnjDQFXVQEjg==",
      "os": ["openharmony"],
      "cpu": ["arm64"]
    },
    "@rolldown/binding-wasm32-wasi@1.1.0": {
      "integrity": "sha512-SbL++MNmOw6QamrwIGDMSSfM4ceTzFr+RjbOExJSLLBinScU4WI5OdA413h1qwPw2yH7lVF1+H4svQ+6mSXKTQ==",
      "dependencies": [
        "@emnapi/core",
        "@emnapi/runtime",
        "@napi-rs/wasm-runtime"
      ],
      "cpu": ["wasm32"]
    },
    "@rolldown/binding-win32-arm64-msvc@1.1.0": {
      "integrity": "sha512-+xTE6XC7wBgk0VKRXGG+QAnyW5S9b8vfsFpiMjf0waQTmSQSU8onsH/beyZ8X4aXVveJnotiy7VDjLOaW8bTrg==",
      "os": ["win32"],
      "cpu": ["arm64"]
    },
    "@rolldown/binding-win32-x64-msvc@1.1.0": {
      "integrity": "sha512-Ogji1TQNqH3ACLnYr+1Ns1nyrJ0CO2P585u9Hsh02pXvtFiFpgtgT2b3P4PnCOU86VVCvqtAeCN4OftMT8KU4w==",
      "os": ["win32"],
      "cpu": ["x64"]
    },
    "@rolldown/pluginutils@1.0.1": {
      "integrity": "sha512-2j9bGt5Jh8hj+vPtgzPtl72j0yRxHAyumoo6TNfAjsLB04UtpSvPbPcDcBMxz7n+9CYB0c1GxQFxYRg2jimqGw=="
    },
    "@tybys/wasm-util@0.10.2": {
      "integrity": "sha512-RoBvJ2X0wuKlWFIjrwffGw1IqZHKQqzIchKaadZZfnNpsAYp2mM0h36JtPCjNDAHGgYez/15uMBpfGwchhiMgg==",
      "dependencies": [
        "tslib"
      ]
    },
    "rolldown@1.1.0": {
      "integrity": "sha512-zpMvlJhs5PkXRTtKc0CaLBVI9AR/VDiJFpM+kx//hgToEca7FgMlGjaRIisXBcb19T76LswgmKECSQ96hjWr5A==",
      "dependencies": [
        "@oxc-project/types",
        "@rolldown/pluginutils"
      ],
      "optionalDependencies": [
        "@rolldown/binding-android-arm64",
        "@rolldown/binding-darwin-arm64",
        "@rolldown/binding-darwin-x64",
        "@rolldown/binding-freebsd-x64",
        "@rolldown/binding-linux-arm-gnueabihf",
        "@rolldown/binding-linux-arm64-gnu",
        "@rolldown/binding-linux-arm64-musl",
        "@rolldown/binding-linux-ppc64-gnu",
        "@rolldown/binding-linux-s390x-gnu",
        "@rolldown/binding-linux-x64-gnu",
        "@rolldown/binding-linux-x64-musl",
        "@rolldown/binding-openharmony-arm64",
        "@rolldown/binding-wasm32-wasi",
        "@rolldown/binding-win32-arm64-msvc",
        "@rolldown/binding-win32-x64-msvc"
      ],
      "bin": true
    },
    "source-map-js@1.2.1": {
      "integrity": "sha512-UXWMKhLOwVKb728IUtQPXxfYU+usdybtUrK/8uGE8CQMvrhOpwvzDBwj0QhSL7MQc7vIsISBG8VQ8+IDQxpfQA=="
    },
    "tslib@2.8.1": {
      "integrity": "sha512-oJFu94HQb+KVduSUQL7wnpmqnfmLsOA/nAh6b6EH0wCEoK0/mPeXU6c3wKDV83MkOuHPRHtSXKKU99IBazS/2w=="
    }
  },
  "workspace": {
    "dependencies": [
      "jsr:@deno/rolldown-plugin@^0.0.10",
      "jsr:@std/fs@^1.0.24",
      "jsr:@std/path@^1.1.5",
      "jsr:@std/semver@^1.0.8",
      "npm:rolldown@^1.1.0",
      "npm:source-map-js@^1.2.1"
    ]
  }
}
