{
  "version": "5",
  "specifiers": {
    "npm:@minecraft/server@2.0.0": "2.0.0_@minecraft+vanilla-data@1.21.90"
  },
  "npm": {
    "@minecraft/common@1.2.0": {
      "integrity": "sha512-JdmEq4P3Z/FtoBzhLijFgMSVFnFRrUoLwY8DHHrgtFo0mfLTOLTB1RErYjLMsA6b7BGVNxkX/pfFRiH7QZ0XwQ=="
    },
    "@minecraft/server@2.0.0_@minecraft+vanilla-data@1.21.90": {
      "integrity": "sha512-X2LmT82eO0oCjOFaFgg6zoGenAUSyrG+YvIbe7/FSPj9hpMt4BtOIs7axoQUUvMx2NNbq8uEsnQadMMrDDBmUA==",
      "dependencies": [
        "@minecraft/common",
        "@minecraft/vanilla-data"
      ]
    },
    "@minecraft/vanilla-data@1.21.90": {
      "integrity": "sha512-Ca983n2C4mYWb3X+f73k4jCzxnBoxh88VQD4o8wfHbTFujpkO/RCWkvRWSE7fGBxrLF391OvRigKONGJ6SreJQ=="
    }
  },
  "workspace": {
    "dependencies": [
      "npm:@minecraft/server@2.0.0"
    ]
  }
}
